# THIS IS AN AUTOGENERATED FILE. DO NOT EDIT THIS FILE DIRECTLY.
# yarn lockfile v1


"@kputnins/message-manager@^1.0.0":
  version "1.0.0"
  resolved "https://registry.yarnpkg.com/@kputnins/message-manager/-/message-manager-1.0.0.tgz#f3cb14ac74c009b46b8bfb6d5e44f8883533f024"
  integrity sha512-cTWrgz0XZ5lsRS2/1lfM19tyw6CmORicb4+mcVoz2wTIdZpYCmUfqFsfcsEZ8HY+YiBMMpEYEOmGKTJvCwxKig==

typescript@^4.9.3:
  version "4.9.3"
  resolved "https://registry.yarnpkg.com/typescript/-/typescript-4.9.3.tgz#3aea307c1746b8c384435d8ac36b8a2e580d85db"
  integrity sha512-CIfGzTelbKNEnLpLdGFgdyKhG23CKdKgQPOBc+OUNrkJ2vr+KSzsSV5kq5iWhEQbok+quxgGzrAtGWCyU7tHnA==
